
Microsoft Visual Studio Solution File, Format Version 12.00
# Visual Studio Version 17
VisualStudioVersion = 17.7.34031.279
MinimumVisualStudioVersion = 10.0.40219.1
Project("{9A19103F-16F7-4668-BE54-9A1E7A4F7556}") = "prism_serial", "prism_serial.csproj", "{DFF0BAB9-E2BE-4BD0-940A-6DBA04BD1213}"
EndProject
Global
	GlobalSection(SolutionConfigurationPlatforms) = preSolution
		Debug|Any CPU = Debug|Any CPU
		Release|Any CPU = Release|Any CPU
	EndGlobalSection
	GlobalSection(ProjectConfigurationPlatforms) = postSolution
		{DFF0BAB9-E2BE-4BD0-940A-6DBA04BD1213}.Debug|Any CPU.ActiveCfg = Debug|Any CPU
		{DFF0BAB9-E2BE-4BD0-940A-6DBA04BD1213}.Debug|Any CPU.Build.0 = Debug|Any CPU
		{DFF0BAB9-E2BE-4BD0-940A-6DBA04BD1213}.Release|Any CPU.ActiveCfg = Release|Any CPU
		{DFF0BAB9-E2BE-4BD0-940A-6DBA04BD1213}.Release|Any CPU.Build.0 = Release|Any CPU
	EndGlobalSection
	GlobalSection(SolutionProperties) = preSolution
		HideSolutionNode = FALSE
	EndGlobalSection
	GlobalSection(ExtensibilityGlobals) = postSolution
		SolutionGuid = {E2320C49-D3E3-4B6D-81B6-74B8B3568ADE}
	EndGlobalSection
EndGlobal
